
Microsoft Visual Studio Solution File, Format Version 12.00
# Visual Studio Version 16
VisualStudioVersion = 16.0.30413.136
MinimumVisualStudioVersion = 10.0.40219.1
Project("{FAE04EC0-301F-11D3-BF4B-00C04F79EFBC}") = "DenemeSoru", "DenemeSoru\DenemeSoru.csproj", "{629BF22E-2102-4F55-B875-CEA4AC4E1FDB}"
EndProject
Global
	GlobalSection(SolutionConfigurationPlatforms) = preSolution
		Debug|Any CPU = Debug|Any CPU
		Release|Any CPU = Release|Any CPU
	EndGlobalSection
	GlobalSection(ProjectConfigurationPlatforms) = postSolution
		{629BF22E-2102-4F55-B875-CEA4AC4E1FDB}.Debug|Any CPU.ActiveCfg = Debug|Any CPU
		{629BF22E-2102-4F55-B875-CEA4AC4E1FDB}.Debug|Any CPU.Build.0 = Debug|Any CPU
		{629BF22E-2102-4F55-B875-CEA4AC4E1FDB}.Release|Any CPU.ActiveCfg = Release|Any CPU
		{629BF22E-2102-4F55-B875-CEA4AC4E1FDB}.Release|Any CPU.Build.0 = Release|Any CPU
	EndGlobalSection
	GlobalSection(SolutionProperties) = preSolution
		HideSolutionNode = FALSE
	EndGlobalSection
	GlobalSection(ExtensibilityGlobals) = postSolution
		SolutionGuid = {8D6A9845-AF2C-4A83-AA84-C3CC0DC1A381}
	EndGlobalSection
EndGlobal
